
Microsoft Visual Studio Solution File, Format Version 12.00
# Visual Studio Version 17
VisualStudioVersion = 17.0.32014.148
MinimumVisualStudioVersion = 10.0.40219.1
Project("{FAE04EC0-301F-11D3-BF4B-00C04F79EFBC}") = "LatokenApiCSharp", "LatokenApiCSharp\LatokenApiCSharp.csproj", "{E4D1B8FC-049C-4194-BAC2-665A0AB3993A}"
EndProject
Global
	GlobalSection(SolutionConfigurationPlatforms) = preSolution
		Debug|Any CPU = Debug|Any CPU
		Release|Any CPU = Release|Any CPU
	EndGlobalSection
	GlobalSection(ProjectConfigurationPlatforms) = postSolution
		{E4D1B8FC-049C-4194-BAC2-665A0AB3993A}.Debug|Any CPU.ActiveCfg = Debug|Any CPU
		{E4D1B8FC-049C-4194-BAC2-665A0AB3993A}.Debug|Any CPU.Build.0 = Debug|Any CPU
		{E4D1B8FC-049C-4194-BAC2-665A0AB3993A}.Release|Any CPU.ActiveCfg = Release|Any CPU
		{E4D1B8FC-049C-4194-BAC2-665A0AB3993A}.Release|Any CPU.Build.0 = Release|Any CPU
	EndGlobalSection
	GlobalSection(SolutionProperties) = preSolution
		HideSolutionNode = FALSE
	EndGlobalSection
	GlobalSection(ExtensibilityGlobals) = postSolution
		SolutionGuid = {9A3E429B-547B-421B-866D-932766C5D9BB}
	EndGlobalSection
EndGlobal
